
Microsoft Visual Studio Solution File, Format Version 12.00
# Visual Studio 15
VisualStudioVersion = 15.0.28307.572
MinimumVisualStudioVersion = 10.0.40219.1
Project("{FAE04EC0-301F-11D3-BF4B-00C04F79EFBC}") = "ComputerVisionVisualAnalysis", "ComputerVisionVisualAnalysis\ComputerVisionVisualAnalysis.csproj", "{F2E0762C-A3E8-4D9E-B44F-AF07C3C0967B}"
EndProject
Project("{FAE04EC0-301F-11D3-BF4B-00C04F79EFBC}") = "Common", "Common\Common.csproj", "{DF9FA617-4688-41E5-B304-5429BDC40FEE}"
EndProject
Project("{2150E333-8FDC-42A3-9474-1A3956D46DE8}") = "Solution Items", "Solution Items", "{AB7714BE-A677-43A9-A182-3060268FD942}"
	ProjectSection(SolutionItems) = preProject
		CleanUp.ps1 = CleanUp.ps1
		Read.Me = Read.Me
		Setup.ps1 = Setup.ps1
	EndProjectSection
EndProject
Global
	GlobalSection(SolutionConfigurationPlatforms) = preSolution
		Debug|Any CPU = Debug|Any CPU
		Release|Any CPU = Release|Any CPU
	EndGlobalSection
	GlobalSection(ProjectConfigurationPlatforms) = postSolution
		{F2E0762C-A3E8-4D9E-B44F-AF07C3C0967B}.Debug|Any CPU.ActiveCfg = Debug|Any CPU
		{F2E0762C-A3E8-4D9E-B44F-AF07C3C0967B}.Debug|Any CPU.Build.0 = Debug|Any CPU
		{F2E0762C-A3E8-4D9E-B44F-AF07C3C0967B}.Release|Any CPU.ActiveCfg = Release|Any CPU
		{F2E0762C-A3E8-4D9E-B44F-AF07C3C0967B}.Release|Any CPU.Build.0 = Release|Any CPU
		{DF9FA617-4688-41E5-B304-5429BDC40FEE}.Debug|Any CPU.ActiveCfg = Debug|Any CPU
		{DF9FA617-4688-41E5-B304-5429BDC40FEE}.Debug|Any CPU.Build.0 = Debug|Any CPU
		{DF9FA617-4688-41E5-B304-5429BDC40FEE}.Release|Any CPU.ActiveCfg = Release|Any CPU
		{DF9FA617-4688-41E5-B304-5429BDC40FEE}.Release|Any CPU.Build.0 = Release|Any CPU
	EndGlobalSection
	GlobalSection(SolutionProperties) = preSolution
		HideSolutionNode = FALSE
	EndGlobalSection
	GlobalSection(ExtensibilityGlobals) = postSolution
		SolutionGuid = {9D6CB827-AFF4-4E4B-A971-47784C22D650}
	EndGlobalSection
EndGlobal
